
Microsoft Visual Studio Solution File, Format Version 12.00
# Visual Studio Version 17
VisualStudioVersion = 17.0.31903.59
MinimumVisualStudioVersion = 10.0.40219.1
Project("{2150E333-8FDC-42A3-9474-1A3956D46DE8}") = "src", "src", "{2F0E2DD7-6F0E-4387-8633-DF2F755F587B}"
EndProject
Project("{FAE04EC0-301F-11D3-BF4B-00C04F79EFBC}") = "Test.Api", "src\Test.Api\Test.Api.csproj", "{295E5885-E8C6-42E8-BDE8-7B5AD17AA95E}"
EndProject
Global
	GlobalSection(SolutionConfigurationPlatforms) = preSolution
		Debug|Any CPU = Debug|Any CPU
		Release|Any CPU = Release|Any CPU
	EndGlobalSection
	GlobalSection(SolutionProperties) = preSolution
		HideSolutionNode = FALSE
	EndGlobalSection
	GlobalSection(ProjectConfigurationPlatforms) = postSolution
		{295E5885-E8C6-42E8-BDE8-7B5AD17AA95E}.Debug|Any CPU.ActiveCfg = Debug|Any CPU
		{295E5885-E8C6-42E8-BDE8-7B5AD17AA95E}.Debug|Any CPU.Build.0 = Debug|Any CPU
		{295E5885-E8C6-42E8-BDE8-7B5AD17AA95E}.Release|Any CPU.ActiveCfg = Release|Any CPU
		{295E5885-E8C6-42E8-BDE8-7B5AD17AA95E}.Release|Any CPU.Build.0 = Release|Any CPU
	EndGlobalSection
	GlobalSection(NestedProjects) = preSolution
		{295E5885-E8C6-42E8-BDE8-7B5AD17AA95E} = {2F0E2DD7-6F0E-4387-8633-DF2F755F587B}
	EndGlobalSection
EndGlobal
